{
  "requires": true,
  "lockfileVersion": 1,
  "dependencies": {
    "am-emoji-picker": {
      "version": "0.6.1",
      "resolved": "https://registry.npmjs.org/am-emoji-picker/-/am-emoji-picker-0.6.1.tgz",
      "integrity": "sha512-pkRYlxK2LPOOzxO+nM8CmAqfEm5GPCgV4pn7unasol4RtifWiMI0FWjK6ildewWKxU0aspApcIWqx9Fju80drg==",
      "requires": {
        "emoji-js": "3.2.0",
        "rm-tooltip": "2.0.2"
      }
    },
    "emoji-js": {
      "version": "3.2.0",
      "resolved": "https://registry.npmjs.org/emoji-js/-/emoji-js-3.2.0.tgz",
      "integrity": "sha512-ZvL7I5B+/3QRhRWHpsqL20lbIg7BeHiOYj5l3JFY2JoJ6fxgn3Qa9wQ52tVhm6e2xRWDmjq9GFAVgReMaNz09Q=="
    },
    "rm-tooltip": {
      "version": "2.0.2",
      "resolved": "https://registry.npmjs.org/rm-tooltip/-/rm-tooltip-2.0.2.tgz",
      "integrity": "sha512-gaqZjRthLHmCHdouc9qNkoBhkYV7ucZiihxswVcT6H9uk7PfkiG871xl6GTw+/wG+J0TKGgIBFbfY3b2kORCrg=="
    }
  }
}
